
Microsoft Visual Studio Solution File, Format Version 12.00
# Visual Studio Version 16
VisualStudioVersion = 16.0.30611.23
MinimumVisualStudioVersion = 10.0.40219.1
Project("{FAE04EC0-301F-11D3-BF4B-00C04F79EFBC}") = "HomeAssignmentOOP", "HomeAssignmentOOP\HomeAssignmentOOP.csproj", "{2315A13D-9D52-47E7-AF7A-C793E8BE9A92}"
EndProject
Project("{FAE04EC0-301F-11D3-BF4B-00C04F79EFBC}") = "GuessWhoTest", "GuessWhoTest\GuessWhoTest.csproj", "{6F5D9D2D-1AC7-4197-9CCE-800C7F27313B}"
EndProject
Global
	GlobalSection(SolutionConfigurationPlatforms) = preSolution
		Debug|Any CPU = Debug|Any CPU
		Release|Any CPU = Release|Any CPU
	EndGlobalSection
	GlobalSection(ProjectConfigurationPlatforms) = postSolution
		{2315A13D-9D52-47E7-AF7A-C793E8BE9A92}.Debug|Any CPU.ActiveCfg = Debug|Any CPU
		{2315A13D-9D52-47E7-AF7A-C793E8BE9A92}.Debug|Any CPU.Build.0 = Debug|Any CPU
		{2315A13D-9D52-47E7-AF7A-C793E8BE9A92}.Release|Any CPU.ActiveCfg = Release|Any CPU
		{2315A13D-9D52-47E7-AF7A-C793E8BE9A92}.Release|Any CPU.Build.0 = Release|Any CPU
		{6F5D9D2D-1AC7-4197-9CCE-800C7F27313B}.Debug|Any CPU.ActiveCfg = Debug|Any CPU
		{6F5D9D2D-1AC7-4197-9CCE-800C7F27313B}.Debug|Any CPU.Build.0 = Debug|Any CPU
		{6F5D9D2D-1AC7-4197-9CCE-800C7F27313B}.Release|Any CPU.ActiveCfg = Release|Any CPU
		{6F5D9D2D-1AC7-4197-9CCE-800C7F27313B}.Release|Any CPU.Build.0 = Release|Any CPU
	EndGlobalSection
	GlobalSection(SolutionProperties) = preSolution
		HideSolutionNode = FALSE
	EndGlobalSection
	GlobalSection(ExtensibilityGlobals) = postSolution
		SolutionGuid = {2616B076-C61D-4635-AA38-EBFC50838D81}
	EndGlobalSection
EndGlobal
